
Microsoft Visual Studio Solution File, Format Version 12.00
# Visual Studio 14
VisualStudioVersion = 14.0.25420.1
MinimumVisualStudioVersion = 10.0.40219.1
Project("{FAE04EC0-301F-11D3-BF4B-00C04F79EFBC}") = "Thumbnails", "Thumbnails\Thumbnails.csproj", "{92D97E02-63BE-477C-8BC8-BD670E15FD30}"
EndProject
Project("{FAE04EC0-301F-11D3-BF4B-00C04F79EFBC}") = "Thumbnails-WebJob", "Thumbnails-WebJob\Thumbnails-WebJob.csproj", "{B8AB7A45-DC07-4A1B-833D-A3A30577961A}"
EndProject
Global
	GlobalSection(SolutionConfigurationPlatforms) = preSolution
		Debug|Any CPU = Debug|Any CPU
		Release|Any CPU = Release|Any CPU
	EndGlobalSection
	GlobalSection(ProjectConfigurationPlatforms) = postSolution
		{92D97E02-63BE-477C-8BC8-BD670E15FD30}.Debug|Any CPU.ActiveCfg = Debug|Any CPU
		{92D97E02-63BE-477C-8BC8-BD670E15FD30}.Debug|Any CPU.Build.0 = Debug|Any CPU
		{92D97E02-63BE-477C-8BC8-BD670E15FD30}.Release|Any CPU.ActiveCfg = Release|Any CPU
		{92D97E02-63BE-477C-8BC8-BD670E15FD30}.Release|Any CPU.Build.0 = Release|Any CPU
		{B8AB7A45-DC07-4A1B-833D-A3A30577961A}.Debug|Any CPU.ActiveCfg = Debug|Any CPU
		{B8AB7A45-DC07-4A1B-833D-A3A30577961A}.Debug|Any CPU.Build.0 = Debug|Any CPU
		{B8AB7A45-DC07-4A1B-833D-A3A30577961A}.Release|Any CPU.ActiveCfg = Release|Any CPU
		{B8AB7A45-DC07-4A1B-833D-A3A30577961A}.Release|Any CPU.Build.0 = Release|Any CPU
	EndGlobalSection
	GlobalSection(SolutionProperties) = preSolution
		HideSolutionNode = FALSE
	EndGlobalSection
EndGlobal
